
Microsoft Visual Studio Solution File, Format Version 12.00
# Visual Studio Version 16
VisualStudioVersion = 16.0.30413.136
MinimumVisualStudioVersion = 10.0.40219.1
Project("{FAE04EC0-301F-11D3-BF4B-00C04F79EFBC}") = "MyPasswords.Entities", "MyPasswords.Entities\MyPasswords.Entities.csproj", "{2F63E6AE-A237-4F5D-8527-B786550E3C32}"
EndProject
Project("{FAE04EC0-301F-11D3-BF4B-00C04F79EFBC}") = "MyPasswords.DAL", "MyPasswords.DAL\MyPasswords.DAL.csproj", "{AEA41825-FDCA-4A20-963C-DF26F30AFB8D}"
EndProject
Project("{FAE04EC0-301F-11D3-BF4B-00C04F79EFBC}") = "MyPasswords.Business", "MyPasswords.Business\MyPasswords.Business.csproj", "{29C4927D-ADC5-476D-9716-B7BB795A1112}"
EndProject
Project("{FAE04EC0-301F-11D3-BF4B-00C04F79EFBC}") = "MyPasswords.WebFormsUI", "MyPasswords.WebFormsUI\MyPasswords.WebFormsUI.csproj", "{86189C72-C6F1-4D7B-974E-1E279C2B21B6}"
EndProject
Global
	GlobalSection(SolutionConfigurationPlatforms) = preSolution
		Debug|Any CPU = Debug|Any CPU
		Release|Any CPU = Release|Any CPU
	EndGlobalSection
	GlobalSection(ProjectConfigurationPlatforms) = postSolution
		{2F63E6AE-A237-4F5D-8527-B786550E3C32}.Debug|Any CPU.ActiveCfg = Debug|Any CPU
		{2F63E6AE-A237-4F5D-8527-B786550E3C32}.Debug|Any CPU.Build.0 = Debug|Any CPU
		{2F63E6AE-A237-4F5D-8527-B786550E3C32}.Release|Any CPU.ActiveCfg = Release|Any CPU
		{2F63E6AE-A237-4F5D-8527-B786550E3C32}.Release|Any CPU.Build.0 = Release|Any CPU
		{AEA41825-FDCA-4A20-963C-DF26F30AFB8D}.Debug|Any CPU.ActiveCfg = Debug|Any CPU
		{AEA41825-FDCA-4A20-963C-DF26F30AFB8D}.Debug|Any CPU.Build.0 = Debug|Any CPU
		{AEA41825-FDCA-4A20-963C-DF26F30AFB8D}.Release|Any CPU.ActiveCfg = Release|Any CPU
		{AEA41825-FDCA-4A20-963C-DF26F30AFB8D}.Release|Any CPU.Build.0 = Release|Any CPU
		{29C4927D-ADC5-476D-9716-B7BB795A1112}.Debug|Any CPU.ActiveCfg = Debug|Any CPU
		{29C4927D-ADC5-476D-9716-B7BB795A1112}.Debug|Any CPU.Build.0 = Debug|Any CPU
		{29C4927D-ADC5-476D-9716-B7BB795A1112}.Release|Any CPU.ActiveCfg = Release|Any CPU
		{29C4927D-ADC5-476D-9716-B7BB795A1112}.Release|Any CPU.Build.0 = Release|Any CPU
		{86189C72-C6F1-4D7B-974E-1E279C2B21B6}.Debug|Any CPU.ActiveCfg = Debug|Any CPU
		{86189C72-C6F1-4D7B-974E-1E279C2B21B6}.Debug|Any CPU.Build.0 = Debug|Any CPU
		{86189C72-C6F1-4D7B-974E-1E279C2B21B6}.Release|Any CPU.ActiveCfg = Release|Any CPU
		{86189C72-C6F1-4D7B-974E-1E279C2B21B6}.Release|Any CPU.Build.0 = Release|Any CPU
	EndGlobalSection
	GlobalSection(SolutionProperties) = preSolution
		HideSolutionNode = FALSE
	EndGlobalSection
	GlobalSection(ExtensibilityGlobals) = postSolution
		SolutionGuid = {D563D013-3E3C-4DDF-A7FE-27E453CFE238}
	EndGlobalSection
EndGlobal
